
Microsoft Visual Studio Solution File, Format Version 12.00
# Visual Studio 15
VisualStudioVersion = 15.0.26730.12
MinimumVisualStudioVersion = 10.0.40219.1
Project("{8BC9CEB8-8B4A-11D0-8D11-00A0C91BC942}") = "Q1054", "Q1054\Q1054.vcxproj", "{5834B92B-A070-450D-90D3-7E9E1F434197}"
EndProject
Global
	GlobalSection(SolutionConfigurationPlatforms) = preSolution
		Debug|x64 = Debug|x64
		Debug|x86 = Debug|x86
		Release|x64 = Release|x64
		Release|x86 = Release|x86
	EndGlobalSection
	GlobalSection(ProjectConfigurationPlatforms) = postSolution
		{5834B92B-A070-450D-90D3-7E9E1F434197}.Debug|x64.ActiveCfg = Debug|x64
		{5834B92B-A070-450D-90D3-7E9E1F434197}.Debug|x64.Build.0 = Debug|x64
		{5834B92B-A070-450D-90D3-7E9E1F434197}.Debug|x86.ActiveCfg = Debug|Win32
		{5834B92B-A070-450D-90D3-7E9E1F434197}.Debug|x86.Build.0 = Debug|Win32
		{5834B92B-A070-450D-90D3-7E9E1F434197}.Release|x64.ActiveCfg = Release|x64
		{5834B92B-A070-450D-90D3-7E9E1F434197}.Release|x64.Build.0 = Release|x64
		{5834B92B-A070-450D-90D3-7E9E1F434197}.Release|x86.ActiveCfg = Release|Win32
		{5834B92B-A070-450D-90D3-7E9E1F434197}.Release|x86.Build.0 = Release|Win32
	EndGlobalSection
	GlobalSection(SolutionProperties) = preSolution
		HideSolutionNode = FALSE
	EndGlobalSection
	GlobalSection(ExtensibilityGlobals) = postSolution
		SolutionGuid = {7A50E4F8-3702-47A8-BD3B-B7814B0E14A5}
	EndGlobalSection
EndGlobal
