
Microsoft Visual Studio Solution File, Format Version 12.00
# Visual Studio Version 16
VisualStudioVersion = 16.0.29102.190
MinimumVisualStudioVersion = 10.0.40219.1
Project("{8BC9CEB8-8B4A-11D0-8D11-00A0C91BC942}") = "10_3_2", "10_3_2\10_3_2.vcxproj", "{2401F3F4-A1A8-4489-AEF3-3B83BF8A0E3B}"
EndProject
Global
	GlobalSection(SolutionConfigurationPlatforms) = preSolution
		Debug|x64 = Debug|x64
		Debug|x86 = Debug|x86
		Release|x64 = Release|x64
		Release|x86 = Release|x86
	EndGlobalSection
	GlobalSection(ProjectConfigurationPlatforms) = postSolution
		{2401F3F4-A1A8-4489-AEF3-3B83BF8A0E3B}.Debug|x64.ActiveCfg = Debug|x64
		{2401F3F4-A1A8-4489-AEF3-3B83BF8A0E3B}.Debug|x64.Build.0 = Debug|x64
		{2401F3F4-A1A8-4489-AEF3-3B83BF8A0E3B}.Debug|x86.ActiveCfg = Debug|Win32
		{2401F3F4-A1A8-4489-AEF3-3B83BF8A0E3B}.Debug|x86.Build.0 = Debug|Win32
		{2401F3F4-A1A8-4489-AEF3-3B83BF8A0E3B}.Release|x64.ActiveCfg = Release|x64
		{2401F3F4-A1A8-4489-AEF3-3B83BF8A0E3B}.Release|x64.Build.0 = Release|x64
		{2401F3F4-A1A8-4489-AEF3-3B83BF8A0E3B}.Release|x86.ActiveCfg = Release|Win32
		{2401F3F4-A1A8-4489-AEF3-3B83BF8A0E3B}.Release|x86.Build.0 = Release|Win32
	EndGlobalSection
	GlobalSection(SolutionProperties) = preSolution
		HideSolutionNode = FALSE
	EndGlobalSection
	GlobalSection(ExtensibilityGlobals) = postSolution
		SolutionGuid = {1AA9689B-C1CB-4C58-A006-5583CF097ED6}
	EndGlobalSection
EndGlobal
