
Microsoft Visual Studio Solution File, Format Version 12.00
# Visual Studio Version 16
VisualStudioVersion = 16.0.28803.352
MinimumVisualStudioVersion = 10.0.40219.1
Project("{8BC9CEB8-8B4A-11D0-8D11-00A0C91BC942}") = "12_2_2", "12_2_2\12_2_2.vcxproj", "{69D7F4D3-1EF8-48B2-8F96-433A690525ED}"
EndProject
Global
	GlobalSection(SolutionConfigurationPlatforms) = preSolution
		Debug|x64 = Debug|x64
		Debug|x86 = Debug|x86
		Release|x64 = Release|x64
		Release|x86 = Release|x86
	EndGlobalSection
	GlobalSection(ProjectConfigurationPlatforms) = postSolution
		{69D7F4D3-1EF8-48B2-8F96-433A690525ED}.Debug|x64.ActiveCfg = Debug|x64
		{69D7F4D3-1EF8-48B2-8F96-433A690525ED}.Debug|x64.Build.0 = Debug|x64
		{69D7F4D3-1EF8-48B2-8F96-433A690525ED}.Debug|x86.ActiveCfg = Debug|Win32
		{69D7F4D3-1EF8-48B2-8F96-433A690525ED}.Debug|x86.Build.0 = Debug|Win32
		{69D7F4D3-1EF8-48B2-8F96-433A690525ED}.Release|x64.ActiveCfg = Release|x64
		{69D7F4D3-1EF8-48B2-8F96-433A690525ED}.Release|x64.Build.0 = Release|x64
		{69D7F4D3-1EF8-48B2-8F96-433A690525ED}.Release|x86.ActiveCfg = Release|Win32
		{69D7F4D3-1EF8-48B2-8F96-433A690525ED}.Release|x86.Build.0 = Release|Win32
	EndGlobalSection
	GlobalSection(SolutionProperties) = preSolution
		HideSolutionNode = FALSE
	EndGlobalSection
	GlobalSection(ExtensibilityGlobals) = postSolution
		SolutionGuid = {F9B74853-5E29-4487-91FD-44F177AB1A6B}
	EndGlobalSection
EndGlobal
