
Microsoft Visual Studio Solution File, Format Version 12.00
# Visual Studio Version 16
VisualStudioVersion = 16.0.28803.352
MinimumVisualStudioVersion = 10.0.40219.1
Project("{8BC9CEB8-8B4A-11D0-8D11-00A0C91BC942}") = "2_6_2", "2_6_2\2_6_2.vcxproj", "{07A84C17-AEAA-4718-919F-4F91ECF68146}"
EndProject
Global
	GlobalSection(SolutionConfigurationPlatforms) = preSolution
		Debug|x64 = Debug|x64
		Debug|x86 = Debug|x86
		Release|x64 = Release|x64
		Release|x86 = Release|x86
	EndGlobalSection
	GlobalSection(ProjectConfigurationPlatforms) = postSolution
		{07A84C17-AEAA-4718-919F-4F91ECF68146}.Debug|x64.ActiveCfg = Debug|x64
		{07A84C17-AEAA-4718-919F-4F91ECF68146}.Debug|x64.Build.0 = Debug|x64
		{07A84C17-AEAA-4718-919F-4F91ECF68146}.Debug|x86.ActiveCfg = Debug|Win32
		{07A84C17-AEAA-4718-919F-4F91ECF68146}.Debug|x86.Build.0 = Debug|Win32
		{07A84C17-AEAA-4718-919F-4F91ECF68146}.Release|x64.ActiveCfg = Release|x64
		{07A84C17-AEAA-4718-919F-4F91ECF68146}.Release|x64.Build.0 = Release|x64
		{07A84C17-AEAA-4718-919F-4F91ECF68146}.Release|x86.ActiveCfg = Release|Win32
		{07A84C17-AEAA-4718-919F-4F91ECF68146}.Release|x86.Build.0 = Release|Win32
	EndGlobalSection
	GlobalSection(SolutionProperties) = preSolution
		HideSolutionNode = FALSE
	EndGlobalSection
	GlobalSection(ExtensibilityGlobals) = postSolution
		SolutionGuid = {B63259E3-55D5-4422-858D-6DF2EDD715C1}
	EndGlobalSection
EndGlobal
