
Microsoft Visual Studio Solution File, Format Version 12.00
# Visual Studio Version 16
VisualStudioVersion = 16.0.29102.190
MinimumVisualStudioVersion = 10.0.40219.1
Project("{8BC9CEB8-8B4A-11D0-8D11-00A0C91BC942}") = "6_3_3", "6_3_3\6_3_3.vcxproj", "{1EED5DB1-F071-45D5-B77B-C45365410BD0}"
EndProject
Global
	GlobalSection(SolutionConfigurationPlatforms) = preSolution
		Debug|x64 = Debug|x64
		Debug|x86 = Debug|x86
		Release|x64 = Release|x64
		Release|x86 = Release|x86
	EndGlobalSection
	GlobalSection(ProjectConfigurationPlatforms) = postSolution
		{1EED5DB1-F071-45D5-B77B-C45365410BD0}.Debug|x64.ActiveCfg = Debug|x64
		{1EED5DB1-F071-45D5-B77B-C45365410BD0}.Debug|x64.Build.0 = Debug|x64
		{1EED5DB1-F071-45D5-B77B-C45365410BD0}.Debug|x86.ActiveCfg = Debug|Win32
		{1EED5DB1-F071-45D5-B77B-C45365410BD0}.Debug|x86.Build.0 = Debug|Win32
		{1EED5DB1-F071-45D5-B77B-C45365410BD0}.Release|x64.ActiveCfg = Release|x64
		{1EED5DB1-F071-45D5-B77B-C45365410BD0}.Release|x64.Build.0 = Release|x64
		{1EED5DB1-F071-45D5-B77B-C45365410BD0}.Release|x86.ActiveCfg = Release|Win32
		{1EED5DB1-F071-45D5-B77B-C45365410BD0}.Release|x86.Build.0 = Release|Win32
	EndGlobalSection
	GlobalSection(SolutionProperties) = preSolution
		HideSolutionNode = FALSE
	EndGlobalSection
	GlobalSection(ExtensibilityGlobals) = postSolution
		SolutionGuid = {9145A10C-DD37-4B91-9924-C69BF78657FA}
	EndGlobalSection
EndGlobal
