
Microsoft Visual Studio Solution File, Format Version 12.00
# Visual Studio Version 16
VisualStudioVersion = 16.0.28803.352
MinimumVisualStudioVersion = 10.0.40219.1
Project("{8BC9CEB8-8B4A-11D0-8D11-00A0C91BC942}") = "3_5_5", "3_5_5\3_5_5.vcxproj", "{8A9F27D9-98FF-49CF-A941-A06980106D81}"
EndProject
Global
	GlobalSection(SolutionConfigurationPlatforms) = preSolution
		Debug|x64 = Debug|x64
		Debug|x86 = Debug|x86
		Release|x64 = Release|x64
		Release|x86 = Release|x86
	EndGlobalSection
	GlobalSection(ProjectConfigurationPlatforms) = postSolution
		{8A9F27D9-98FF-49CF-A941-A06980106D81}.Debug|x64.ActiveCfg = Debug|x64
		{8A9F27D9-98FF-49CF-A941-A06980106D81}.Debug|x64.Build.0 = Debug|x64
		{8A9F27D9-98FF-49CF-A941-A06980106D81}.Debug|x86.ActiveCfg = Debug|Win32
		{8A9F27D9-98FF-49CF-A941-A06980106D81}.Debug|x86.Build.0 = Debug|Win32
		{8A9F27D9-98FF-49CF-A941-A06980106D81}.Release|x64.ActiveCfg = Release|x64
		{8A9F27D9-98FF-49CF-A941-A06980106D81}.Release|x64.Build.0 = Release|x64
		{8A9F27D9-98FF-49CF-A941-A06980106D81}.Release|x86.ActiveCfg = Release|Win32
		{8A9F27D9-98FF-49CF-A941-A06980106D81}.Release|x86.Build.0 = Release|Win32
	EndGlobalSection
	GlobalSection(SolutionProperties) = preSolution
		HideSolutionNode = FALSE
	EndGlobalSection
	GlobalSection(ExtensibilityGlobals) = postSolution
		SolutionGuid = {2F5E32A6-F302-44EC-AC45-3B10644AF000}
	EndGlobalSection
EndGlobal
