
Microsoft Visual Studio Solution File, Format Version 12.00
# Visual Studio Version 16
VisualStudioVersion = 16.0.28803.352
MinimumVisualStudioVersion = 10.0.40219.1
Project("{8BC9CEB8-8B4A-11D0-8D11-00A0C91BC942}") = "3_2_2", "3_2_2\3_2_2.vcxproj", "{47CB3558-A7E3-433B-AA5F-44B3222CA64F}"
EndProject
Global
	GlobalSection(SolutionConfigurationPlatforms) = preSolution
		Debug|x64 = Debug|x64
		Debug|x86 = Debug|x86
		Release|x64 = Release|x64
		Release|x86 = Release|x86
	EndGlobalSection
	GlobalSection(ProjectConfigurationPlatforms) = postSolution
		{47CB3558-A7E3-433B-AA5F-44B3222CA64F}.Debug|x64.ActiveCfg = Debug|x64
		{47CB3558-A7E3-433B-AA5F-44B3222CA64F}.Debug|x64.Build.0 = Debug|x64
		{47CB3558-A7E3-433B-AA5F-44B3222CA64F}.Debug|x86.ActiveCfg = Debug|Win32
		{47CB3558-A7E3-433B-AA5F-44B3222CA64F}.Debug|x86.Build.0 = Debug|Win32
		{47CB3558-A7E3-433B-AA5F-44B3222CA64F}.Release|x64.ActiveCfg = Release|x64
		{47CB3558-A7E3-433B-AA5F-44B3222CA64F}.Release|x64.Build.0 = Release|x64
		{47CB3558-A7E3-433B-AA5F-44B3222CA64F}.Release|x86.ActiveCfg = Release|Win32
		{47CB3558-A7E3-433B-AA5F-44B3222CA64F}.Release|x86.Build.0 = Release|Win32
	EndGlobalSection
	GlobalSection(SolutionProperties) = preSolution
		HideSolutionNode = FALSE
	EndGlobalSection
	GlobalSection(ExtensibilityGlobals) = postSolution
		SolutionGuid = {2BDD31CD-23C9-4AE4-AA77-9B3970909C2C}
	EndGlobalSection
EndGlobal
